
Microsoft Visual Studio Solution File, Format Version 12.00
# Visual Studio Version 17
VisualStudioVersion = 17.3.32804.467
MinimumVisualStudioVersion = 10.0.40219.1
Project("{9A19103F-16F7-4668-BE54-9A1E7A4F7556}") = "Day02", "Day02.csproj", "{4CA90900-9D5D-4A25-AD9F-6E503D9ACA5B}"
EndProject
Project("{9A19103F-16F7-4668-BE54-9A1E7A4F7556}") = "Latihan", "..\Latihan\Latihan\Latihan.csproj", "{F82123FD-61EC-43B4-9FBB-BCDEC0372E7C}"
EndProject
Project("{FAE04EC0-301F-11D3-BF4B-00C04F79EFBC}") = "Day03", "..\Day03\Day03.csproj", "{A5687807-15F2-4416-AD27-89DA315ABA07}"
EndProject
Project("{FAE04EC0-301F-11D3-BF4B-00C04F79EFBC}") = "LatihanStrukturData", "..\LatihanStrukturData\LatihanStrukturData.csproj", "{A8AD86A2-072D-44A2-BFE3-7F8FC8BD3ECF}"
EndProject
Global
	GlobalSection(SolutionConfigurationPlatforms) = preSolution
		Debug|Any CPU = Debug|Any CPU
		Release|Any CPU = Release|Any CPU
	EndGlobalSection
	GlobalSection(ProjectConfigurationPlatforms) = postSolution
		{4CA90900-9D5D-4A25-AD9F-6E503D9ACA5B}.Debug|Any CPU.ActiveCfg = Debug|Any CPU
		{4CA90900-9D5D-4A25-AD9F-6E503D9ACA5B}.Debug|Any CPU.Build.0 = Debug|Any CPU
		{4CA90900-9D5D-4A25-AD9F-6E503D9ACA5B}.Release|Any CPU.ActiveCfg = Release|Any CPU
		{4CA90900-9D5D-4A25-AD9F-6E503D9ACA5B}.Release|Any CPU.Build.0 = Release|Any CPU
		{F82123FD-61EC-43B4-9FBB-BCDEC0372E7C}.Debug|Any CPU.ActiveCfg = Debug|Any CPU
		{F82123FD-61EC-43B4-9FBB-BCDEC0372E7C}.Debug|Any CPU.Build.0 = Debug|Any CPU
		{F82123FD-61EC-43B4-9FBB-BCDEC0372E7C}.Release|Any CPU.ActiveCfg = Release|Any CPU
		{F82123FD-61EC-43B4-9FBB-BCDEC0372E7C}.Release|Any CPU.Build.0 = Release|Any CPU
		{A5687807-15F2-4416-AD27-89DA315ABA07}.Debug|Any CPU.ActiveCfg = Debug|Any CPU
		{A5687807-15F2-4416-AD27-89DA315ABA07}.Debug|Any CPU.Build.0 = Debug|Any CPU
		{A5687807-15F2-4416-AD27-89DA315ABA07}.Release|Any CPU.ActiveCfg = Release|Any CPU
		{A5687807-15F2-4416-AD27-89DA315ABA07}.Release|Any CPU.Build.0 = Release|Any CPU
		{A8AD86A2-072D-44A2-BFE3-7F8FC8BD3ECF}.Debug|Any CPU.ActiveCfg = Debug|Any CPU
		{A8AD86A2-072D-44A2-BFE3-7F8FC8BD3ECF}.Debug|Any CPU.Build.0 = Debug|Any CPU
		{A8AD86A2-072D-44A2-BFE3-7F8FC8BD3ECF}.Release|Any CPU.ActiveCfg = Release|Any CPU
		{A8AD86A2-072D-44A2-BFE3-7F8FC8BD3ECF}.Release|Any CPU.Build.0 = Release|Any CPU
	EndGlobalSection
	GlobalSection(SolutionProperties) = preSolution
		HideSolutionNode = FALSE
	EndGlobalSection
	GlobalSection(ExtensibilityGlobals) = postSolution
		SolutionGuid = {936B22D5-E50D-45D7-A5EF-F9ED861E4204}
	EndGlobalSection
EndGlobal
